// !$*UTF8*$!
{
	archiveVersion = 1;
	classes = {
	};
	objectVersion = 46;
	objects = {

/* Begin PBXBuildFile section */
		50157BAB196A674000FB5F5B /* MTLPView.m in Sources */ = {isa = PBXBuildFile; fileRef = 50157BAA196A674000FB5F5B /* MTLPView.m */; };
		50EFA5DA19AF3D3B00441F09 /* MTLPTexture+CGImage.m in Sources */ = {isa = PBXBuildFile; fileRef = 50EFA5D919AF3D3B00441F09 /* MTLPTexture+CGImage.m */; };
		50EFA5DD19AF3D4700441F09 /* MTLPTexture+UIImage.m in Sources */ = {isa = PBXBuildFile; fileRef = 50EFA5DC19AF3D4700441F09 /* MTLPTexture+UIImage.m */; };
/* End PBXBuildFile section */

/* Begin PBXCopyFilesBuildPhase section */
		50157B7F196A646D00FB5F5B /* CopyFiles */ = {
			isa = PBXCopyFilesBuildPhase;
			buildActionMask = 2147483647;
			dstPath = "include/$(PRODUCT_NAME)";
			dstSubfolderSpec = 16;
			files = (
			);
			runOnlyForDeploymentPostprocessing = 0;
		};
/* End PBXCopyFilesBuildPhase section */

/* Begin PBXFileReference section */
		50157B81196A646D00FB5F5B /* libMetalPlus.a */ = {isa = PBXFileReference; explicitFileType = archive.ar; includeInIndex = 0; path = libMetalPlus.a; sourceTree = BUILT_PRODUCTS_DIR; };
		50157BA8196A674000FB5F5B /* MetalPlus.h */ = {isa = PBXFileReference; fileEncoding = 4; lastKnownFileType = sourcecode.c.h; path = MetalPlus.h; sourceTree = "<group>"; };
		50157BA9196A674000FB5F5B /* MTLPView.h */ = {isa = PBXFileReference; fileEncoding = 4; lastKnownFileType = sourcecode.c.h; path = MTLPView.h; sourceTree = "<group>"; };
		50157BAA196A674000FB5F5B /* MTLPView.m */ = {isa = PBXFileReference; fileEncoding = 4; lastKnownFileType = sourcecode.c.objc; path = MTLPView.m; sourceTree = "<group>"; };
		50EFA5D819AF3D3B00441F09 /* MTLPTexture+CGImage.h */ = {isa = PBXFileReference; fileEncoding = 4; lastKnownFileType = sourcecode.c.h; path = "MTLPTexture+CGImage.h"; sourceTree = "<group>"; };
		50EFA5D919AF3D3B00441F09 /* MTLPTexture+CGImage.m */ = {isa = PBXFileReference; fileEncoding = 4; lastKnownFileType = sourcecode.c.objc; path = "MTLPTexture+CGImage.m"; sourceTree = "<group>"; };
		50EFA5DB19AF3D4700441F09 /* MTLPTexture+UIImage.h */ = {isa = PBXFileReference; fileEncoding = 4; lastKnownFileType = sourcecode.c.h; path = "MTLPTexture+UIImage.h"; sourceTree = "<group>"; };
		50EFA5DC19AF3D4700441F09 /* MTLPTexture+UIImage.m */ = {isa = PBXFileReference; fileEncoding = 4; lastKnownFileType = sourcecode.c.objc; path = "MTLPTexture+UIImage.m"; sourceTree = "<group>"; };
/* End PBXFileReference section */

/* Begin PBXFrameworksBuildPhase section */
		50157B7E196A646D00FB5F5B /* Frameworks */ = {
			isa = PBXFrameworksBuildPhase;
			buildActionMask = 2147483647;
			files = (
			);
			runOnlyForDeploymentPostprocessing = 0;
		};
/* End PBXFrameworksBuildPhase section */

/* Begin PBXGroup section */
		50157B78196A646D00FB5F5B = {
			isa = PBXGroup;
			children = (
				50157BA7196A673300FB5F5B /* MetalPlus */,
				50157B82196A646D00FB5F5B /* Products */,
			);
			sourceTree = "<group>";
		};
		50157B82196A646D00FB5F5B /* Products */ = {
			isa = PBXGroup;
			children = (
				50157B81196A646D00FB5F5B /* libMetalPlus.a */,
			);
			name = Products;
			sourceTree = "<group>";
		};
		50157BA7196A673300FB5F5B /* MetalPlus */ = {
			isa = PBXGroup;
			children = (
				50157BA8196A674000FB5F5B /* MetalPlus.h */,
				50157BA9196A674000FB5F5B /* MTLPView.h */,
				50157BAA196A674000FB5F5B /* MTLPView.m */,
				50EFA5D819AF3D3B00441F09 /* MTLPTexture+CGImage.h */,
				50EFA5D919AF3D3B00441F09 /* MTLPTexture+CGImage.m */,
				50EFA5DB19AF3D4700441F09 /* MTLPTexture+UIImage.h */,
				50EFA5DC19AF3D4700441F09 /* MTLPTexture+UIImage.m */,
			);
			name = MetalPlus;
			sourceTree = "<group>";
		};
/* End PBXGroup section */

/* Begin PBXNativeTarget section */
		50157B80196A646D00FB5F5B /* MetalPlus */ = {
			isa = PBXNativeTarget;
			buildConfigurationList = 50157B95196A646D00FB5F5B /* Build configuration list for PBXNativeTarget "MetalPlus" */;
			buildPhases = (
				50157B7D196A646D00FB5F5B /* Sources */,
				50157B7E196A646D00FB5F5B /* Frameworks */,
				50157B7F196A646D00FB5F5B /* CopyFiles */,
			);
			buildRules = (
			);
			dependencies = (
			);
			name = MetalPlus;
			productName = MetalPlus;
			productReference = 50157B81196A646D00FB5F5B /* libMetalPlus.a */;
			productType = "com.apple.product-type.library.static";
		};
/* End PBXNativeTarget section */

/* Begin PBXProject section */
		50157B79196A646D00FB5F5B /* Project object */ = {
			isa = PBXProject;
			attributes = {
				LastUpgradeCheck = 0600;
				ORGANIZATIONNAME = McZonk;
				TargetAttributes = {
					50157B80196A646D00FB5F5B = {
						CreatedOnToolsVersion = 6.0;
					};
				};
			};
			buildConfigurationList = 50157B7C196A646D00FB5F5B /* Build configuration list for PBXProject "MetalPlus" */;
			compatibilityVersion = "Xcode 3.2";
			developmentRegion = English;
			hasScannedForEncodings = 0;
			knownRegions = (
				en,
			);
			mainGroup = 50157B78196A646D00FB5F5B;
			productRefGroup = 50157B82196A646D00FB5F5B /* Products */;
			projectDirPath = "";
			projectRoot = "";
			targets = (
				50157B80196A646D00FB5F5B /* MetalPlus */,
			);
		};
/* End PBXProject section */

/* Begin PBXSourcesBuildPhase section */
		50157B7D196A646D00FB5F5B /* Sources */ = {
			isa = PBXSourcesBuildPhase;
			buildActionMask = 2147483647;
			files = (
				50EFA5DD19AF3D4700441F09 /* MTLPTexture+UIImage.m in Sources */,
				50EFA5DA19AF3D3B00441F09 /* MTLPTexture+CGImage.m in Sources */,
				50157BAB196A674000FB5F5B /* MTLPView.m in Sources */,
			);
			runOnlyForDeploymentPostprocessing = 0;
		};
/* End PBXSourcesBuildPhase section */

/* Begin XCBuildConfiguration section */
		50157B93196A646D00FB5F5B /* Debug */ = {
			isa = XCBuildConfiguration;
			buildSettings = {
				ALWAYS_SEARCH_USER_PATHS = NO;
				CLANG_CXX_LANGUAGE_STANDARD = "gnu++0x";
				CLANG_CXX_LIBRARY = "libc++";
				CLANG_ENABLE_MODULES = YES;
				CLANG_ENABLE_OBJC_ARC = YES;
				CLANG_WARN_BOOL_CONVERSION = YES;
				CLANG_WARN_CONSTANT_CONVERSION = YES;
				CLANG_WARN_DIRECT_OBJC_ISA_USAGE = YES_ERROR;
				CLANG_WARN_EMPTY_BODY = YES;
				CLANG_WARN_ENUM_CONVERSION = YES;
				CLANG_WARN_INT_CONVERSION = YES;
				CLANG_WARN_OBJC_ROOT_CLASS = YES_ERROR;
				CLANG_WARN_UNREACHABLE_CODE = YES;
				CLANG_WARN__DUPLICATE_METHOD_MATCH = YES;
				COPY_PHASE_STRIP = NO;
				ENABLE_STRICT_OBJC_MSGSEND = YES;
				GCC_C_LANGUAGE_STANDARD = gnu99;
				GCC_DYNAMIC_NO_PIC = NO;
				GCC_OPTIMIZATION_LEVEL = 0;
				GCC_PREPROCESSOR_DEFINITIONS = (
					"DEBUG=1",
					"$(inherited)",
				);
				GCC_SYMBOLS_PRIVATE_EXTERN = NO;
				GCC_WARN_64_TO_32_BIT_CONVERSION = YES;
				GCC_WARN_ABOUT_RETURN_TYPE = YES_ERROR;
				GCC_WARN_UNDECLARED_SELECTOR = YES;
				GCC_WARN_UNINITIALIZED_AUTOS = YES_AGGRESSIVE;
				GCC_WARN_UNUSED_FUNCTION = YES;
				GCC_WARN_UNUSED_VARIABLE = YES;
				IPHONEOS_DEPLOYMENT_TARGET = 8.0;
				METAL_ENABLE_DEBUG_INFO = YES;
				ONLY_ACTIVE_ARCH = YES;
				SDKROOT = iphoneos;
			};
			name = Debug;
		};
		50157B94196A646D00FB5F5B /* Release */ = {
			isa = XCBuildConfiguration;
			buildSettings = {
				ALWAYS_SEARCH_USER_PATHS = NO;
				CLANG_CXX_LANGUAGE_STANDARD = "gnu++0x";
				CLANG_CXX_LIBRARY = "libc++";
				CLANG_ENABLE_MODULES = YES;
				CLANG_ENABLE_OBJC_ARC = YES;
				CLANG_WARN_BOOL_CONVERSION = YES;
				CLANG_WARN_CONSTANT_CONVERSION = YES;
				CLANG_WARN_DIRECT_OBJC_ISA_USAGE = YES_ERROR;
				CLANG_WARN_EMPTY_BODY = YES;
				CLANG_WARN_ENUM_CONVERSION = YES;
				CLANG_WARN_INT_CONVERSION = YES;
				CLANG_WARN_OBJC_ROOT_CLASS = YES_ERROR;
				CLANG_WARN_UNREACHABLE_CODE = YES;
				CLANG_WARN__DUPLICATE_METHOD_MATCH = YES;
				COPY_PHASE_STRIP = YES;
				ENABLE_NS_ASSERTIONS = NO;
				ENABLE_STRICT_OBJC_MSGSEND = YES;
				GCC_C_LANGUAGE_STANDARD = gnu99;
				GCC_WARN_64_TO_32_BIT_CONVERSION = YES;
				GCC_WARN_ABOUT_RETURN_TYPE = YES_ERROR;
				GCC_WARN_UNDECLARED_SELECTOR = YES;
				GCC_WARN_UNINITIALIZED_AUTOS = YES_AGGRESSIVE;
				GCC_WARN_UNUSED_FUNCTION = YES;
				GCC_WARN_UNUSED_VARIABLE = YES;
				IPHONEOS_DEPLOYMENT_TARGET = 8.0;
				METAL_ENABLE_DEBUG_INFO = NO;
				SDKROOT = iphoneos;
				VALIDATE_PRODUCT = YES;
			};
			name = Release;
		};
		50157B96196A646D00FB5F5B /* Debug */ = {
			isa = XCBuildConfiguration;
			buildSettings = {
				HEADER_SEARCH_PATHS = (
					"$(inherited)",
					"/Applications/Xcode6-Beta.app/Contents/Developer/Toolchains/XcodeDefault.xctoolchain/usr/include",
					.,
				);
				OTHER_LDFLAGS = "-ObjC";
				PRODUCT_NAME = "$(TARGET_NAME)";
				SKIP_INSTALL = YES;
			};
			name = Debug;
		};
		50157B97196A646D00FB5F5B /* Release */ = {
			isa = XCBuildConfiguration;
			buildSettings = {
				HEADER_SEARCH_PATHS = (
					"$(inherited)",
					"/Applications/Xcode6-Beta.app/Contents/Developer/Toolchains/XcodeDefault.xctoolchain/usr/include",
					.,
				);
				OTHER_LDFLAGS = "-ObjC";
				PRODUCT_NAME = "$(TARGET_NAME)";
				SKIP_INSTALL = YES;
			};
			name = Release;
		};
/* End XCBuildConfiguration section */

/* Begin XCConfigurationList section */
		50157B7C196A646D00FB5F5B /* Build configuration list for PBXProject "MetalPlus" */ = {
			isa = XCConfigurationList;
			buildConfigurations = (
				50157B93196A646D00FB5F5B /* Debug */,
				50157B94196A646D00FB5F5B /* Release */,
			);
			defaultConfigurationIsVisible = 0;
			defaultConfigurationName = Release;
		};
		50157B95196A646D00FB5F5B /* Build configuration list for PBXNativeTarget "MetalPlus" */ = {
			isa = XCConfigurationList;
			buildConfigurations = (
				50157B96196A646D00FB5F5B /* Debug */,
				50157B97196A646D00FB5F5B /* Release */,
			);
			defaultConfigurationIsVisible = 0;
			defaultConfigurationName = Release;
		};
/* End XCConfigurationList section */
	};
	rootObject = 50157B79196A646D00FB5F5B /* Project object */;
}
