// !$*UTF8*$!
{
	archiveVersion = 1;
	classes = {
	};
	objectVersion = 46;
	objects = {

/* Begin PBXBuildFile section */
		50157B85196A646D00FB5F5B /* MetalPlus.h in CopyFiles */ = {isa = PBXBuildFile; fileRef = 50157B84196A646D00FB5F5B /* MetalPlus.h */; };
		50157B87196A646D00FB5F5B /* MetalPlus.m in Sources */ = {isa = PBXBuildFile; fileRef = 50157B86196A646D00FB5F5B /* MetalPlus.m */; };
		50157B8D196A646D00FB5F5B /* libMetalPlus.a in Frameworks */ = {isa = PBXBuildFile; fileRef = 50157B81196A646D00FB5F5B /* libMetalPlus.a */; };
/* End PBXBuildFile section */

/* Begin PBXContainerItemProxy section */
		50157B8E196A646D00FB5F5B /* PBXContainerItemProxy */ = {
			isa = PBXContainerItemProxy;
			containerPortal = 50157B79196A646D00FB5F5B /* Project object */;
			proxyType = 1;
			remoteGlobalIDString = 50157B80196A646D00FB5F5B;
			remoteInfo = MetalPlus;
		};
/* End PBXContainerItemProxy section */

/* Begin PBXCopyFilesBuildPhase section */
		50157B7F196A646D00FB5F5B /* CopyFiles */ = {
			isa = PBXCopyFilesBuildPhase;
			buildActionMask = 2147483647;
			dstPath = "include/$(PRODUCT_NAME)";
			dstSubfolderSpec = 16;
			files = (
				50157B85196A646D00FB5F5B /* MetalPlus.h in CopyFiles */,
			);
			runOnlyForDeploymentPostprocessing = 0;
		};
/* End PBXCopyFilesBuildPhase section */

/* Begin PBXFileReference section */
		50157B81196A646D00FB5F5B /* libMetalPlus.a */ = {isa = PBXFileReference; explicitFileType = archive.ar; includeInIndex = 0; path = libMetalPlus.a; sourceTree = BUILT_PRODUCTS_DIR; };
		50157B84196A646D00FB5F5B /* MetalPlus.h */ = {isa = PBXFileReference; lastKnownFileType = sourcecode.c.h; path = MetalPlus.h; sourceTree = "<group>"; };
		50157B86196A646D00FB5F5B /* MetalPlus.m */ = {isa = PBXFileReference; lastKnownFileType = sourcecode.c.objc; path = MetalPlus.m; sourceTree = "<group>"; };
		50157B8C196A646D00FB5F5B /* MetalPlusTests.xctest */ = {isa = PBXFileReference; explicitFileType = wrapper.cfbundle; includeInIndex = 0; path = MetalPlusTests.xctest; sourceTree = BUILT_PRODUCTS_DIR; };
		50157B92196A646D00FB5F5B /* Info.plist */ = {isa = PBXFileReference; lastKnownFileType = text.plist.xml; path = Info.plist; sourceTree = "<group>"; };
/* End PBXFileReference section */

/* Begin PBXFrameworksBuildPhase section */
		50157B7E196A646D00FB5F5B /* Frameworks */ = {
			isa = PBXFrameworksBuildPhase;
			buildActionMask = 2147483647;
			files = (
			);
			runOnlyForDeploymentPostprocessing = 0;
		};
		50157B89196A646D00FB5F5B /* Frameworks */ = {
			isa = PBXFrameworksBuildPhase;
			buildActionMask = 2147483647;
			files = (
				50157B8D196A646D00FB5F5B /* libMetalPlus.a in Frameworks */,
			);
			runOnlyForDeploymentPostprocessing = 0;
		};
/* End PBXFrameworksBuildPhase section */

/* Begin PBXGroup section */
		50157B78196A646D00FB5F5B = {
			isa = PBXGroup;
			children = (
				50157B83196A646D00FB5F5B /* MetalPlus */,
				50157B90196A646D00FB5F5B /* MetalPlusTests */,
				50157B82196A646D00FB5F5B /* Products */,
			);
			sourceTree = "<group>";
		};
		50157B82196A646D00FB5F5B /* Products */ = {
			isa = PBXGroup;
			children = (
				50157B81196A646D00FB5F5B /* libMetalPlus.a */,
				50157B8C196A646D00FB5F5B /* MetalPlusTests.xctest */,
			);
			name = Products;
			sourceTree = "<group>";
		};
		50157B83196A646D00FB5F5B /* MetalPlus */ = {
			isa = PBXGroup;
			children = (
				50157B84196A646D00FB5F5B /* MetalPlus.h */,
				50157B86196A646D00FB5F5B /* MetalPlus.m */,
			);
			path = MetalPlus;
			sourceTree = "<group>";
		};
		50157B90196A646D00FB5F5B /* MetalPlusTests */ = {
			isa = PBXGroup;
			children = (
				50157B91196A646D00FB5F5B /* Supporting Files */,
			);
			path = MetalPlusTests;
			sourceTree = "<group>";
		};
		50157B91196A646D00FB5F5B /* Supporting Files */ = {
			isa = PBXGroup;
			children = (
				50157B92196A646D00FB5F5B /* Info.plist */,
			);
			name = "Supporting Files";
			sourceTree = "<group>";
		};
/* End PBXGroup section */

/* Begin PBXNativeTarget section */
		50157B80196A646D00FB5F5B /* MetalPlus */ = {
			isa = PBXNativeTarget;
			buildConfigurationList = 50157B95196A646D00FB5F5B /* Build configuration list for PBXNativeTarget "MetalPlus" */;
			buildPhases = (
				50157B7D196A646D00FB5F5B /* Sources */,
				50157B7E196A646D00FB5F5B /* Frameworks */,
				50157B7F196A646D00FB5F5B /* CopyFiles */,
			);
			buildRules = (
			);
			dependencies = (
			);
			name = MetalPlus;
			productName = MetalPlus;
			productReference = 50157B81196A646D00FB5F5B /* libMetalPlus.a */;
			productType = "com.apple.product-type.library.static";
		};
		50157B8B196A646D00FB5F5B /* MetalPlusTests */ = {
			isa = PBXNativeTarget;
			buildConfigurationList = 50157B98196A646D00FB5F5B /* Build configuration list for PBXNativeTarget "MetalPlusTests" */;
			buildPhases = (
				50157B88196A646D00FB5F5B /* Sources */,
				50157B89196A646D00FB5F5B /* Frameworks */,
				50157B8A196A646D00FB5F5B /* Resources */,
			);
			buildRules = (
			);
			dependencies = (
				50157B8F196A646D00FB5F5B /* PBXTargetDependency */,
			);
			name = MetalPlusTests;
			productName = MetalPlusTests;
			productReference = 50157B8C196A646D00FB5F5B /* MetalPlusTests.xctest */;
			productType = "com.apple.product-type.bundle.unit-test";
		};
/* End PBXNativeTarget section */

/* Begin PBXProject section */
		50157B79196A646D00FB5F5B /* Project object */ = {
			isa = PBXProject;
			attributes = {
				LastUpgradeCheck = 0600;
				ORGANIZATIONNAME = McZonk;
				TargetAttributes = {
					50157B80196A646D00FB5F5B = {
						CreatedOnToolsVersion = 6.0;
					};
					50157B8B196A646D00FB5F5B = {
						CreatedOnToolsVersion = 6.0;
						TestTargetID = 50157B80196A646D00FB5F5B;
					};
				};
			};
			buildConfigurationList = 50157B7C196A646D00FB5F5B /* Build configuration list for PBXProject "MetalPlus" */;
			compatibilityVersion = "Xcode 3.2";
			developmentRegion = English;
			hasScannedForEncodings = 0;
			knownRegions = (
				en,
			);
			mainGroup = 50157B78196A646D00FB5F5B;
			productRefGroup = 50157B82196A646D00FB5F5B /* Products */;
			projectDirPath = "";
			projectRoot = "";
			targets = (
				50157B80196A646D00FB5F5B /* MetalPlus */,
				50157B8B196A646D00FB5F5B /* MetalPlusTests */,
			);
		};
/* End PBXProject section */

/* Begin PBXResourcesBuildPhase section */
		50157B8A196A646D00FB5F5B /* Resources */ = {
			isa = PBXResourcesBuildPhase;
			buildActionMask = 2147483647;
			files = (
			);
			runOnlyForDeploymentPostprocessing = 0;
		};
/* End PBXResourcesBuildPhase section */

/* Begin PBXSourcesBuildPhase section */
		50157B7D196A646D00FB5F5B /* Sources */ = {
			isa = PBXSourcesBuildPhase;
			buildActionMask = 2147483647;
			files = (
				50157B87196A646D00FB5F5B /* MetalPlus.m in Sources */,
			);
			runOnlyForDeploymentPostprocessing = 0;
		};
		50157B88196A646D00FB5F5B /* Sources */ = {
			isa = PBXSourcesBuildPhase;
			buildActionMask = 2147483647;
			files = (
			);
			runOnlyForDeploymentPostprocessing = 0;
		};
/* End PBXSourcesBuildPhase section */

/* Begin PBXTargetDependency section */
		50157B8F196A646D00FB5F5B /* PBXTargetDependency */ = {
			isa = PBXTargetDependency;
			target = 50157B80196A646D00FB5F5B /* MetalPlus */;
			targetProxy = 50157B8E196A646D00FB5F5B /* PBXContainerItemProxy */;
		};
/* End PBXTargetDependency section */

/* Begin XCBuildConfiguration section */
		50157B93196A646D00FB5F5B /* Debug */ = {
			isa = XCBuildConfiguration;
			buildSettings = {
				ALWAYS_SEARCH_USER_PATHS = NO;
				CLANG_CXX_LANGUAGE_STANDARD = "gnu++0x";
				CLANG_CXX_LIBRARY = "libc++";
				CLANG_ENABLE_MODULES = YES;
				CLANG_ENABLE_OBJC_ARC = YES;
				CLANG_WARN_BOOL_CONVERSION = YES;
				CLANG_WARN_CONSTANT_CONVERSION = YES;
				CLANG_WARN_DIRECT_OBJC_ISA_USAGE = YES_ERROR;
				CLANG_WARN_EMPTY_BODY = YES;
				CLANG_WARN_ENUM_CONVERSION = YES;
				CLANG_WARN_INT_CONVERSION = YES;
				CLANG_WARN_OBJC_ROOT_CLASS = YES_ERROR;
				CLANG_WARN_UNREACHABLE_CODE = YES;
				CLANG_WARN__DUPLICATE_METHOD_MATCH = YES;
				COPY_PHASE_STRIP = NO;
				ENABLE_STRICT_OBJC_MSGSEND = YES;
				GCC_C_LANGUAGE_STANDARD = gnu99;
				GCC_DYNAMIC_NO_PIC = NO;
				GCC_OPTIMIZATION_LEVEL = 0;
				GCC_PREPROCESSOR_DEFINITIONS = (
					"DEBUG=1",
					"$(inherited)",
				);
				GCC_SYMBOLS_PRIVATE_EXTERN = NO;
				GCC_WARN_64_TO_32_BIT_CONVERSION = YES;
				GCC_WARN_ABOUT_RETURN_TYPE = YES_ERROR;
				GCC_WARN_UNDECLARED_SELECTOR = YES;
				GCC_WARN_UNINITIALIZED_AUTOS = YES_AGGRESSIVE;
				GCC_WARN_UNUSED_FUNCTION = YES;
				GCC_WARN_UNUSED_VARIABLE = YES;
				IPHONEOS_DEPLOYMENT_TARGET = 8.0;
				METAL_ENABLE_DEBUG_INFO = YES;
				ONLY_ACTIVE_ARCH = YES;
				SDKROOT = iphoneos;
			};
			name = Debug;
		};
		50157B94196A646D00FB5F5B /* Release */ = {
			isa = XCBuildConfiguration;
			buildSettings = {
				ALWAYS_SEARCH_USER_PATHS = NO;
				CLANG_CXX_LANGUAGE_STANDARD = "gnu++0x";
				CLANG_CXX_LIBRARY = "libc++";
				CLANG_ENABLE_MODULES = YES;
				CLANG_ENABLE_OBJC_ARC = YES;
				CLANG_WARN_BOOL_CONVERSION = YES;
				CLANG_WARN_CONSTANT_CONVERSION = YES;
				CLANG_WARN_DIRECT_OBJC_ISA_USAGE = YES_ERROR;
				CLANG_WARN_EMPTY_BODY = YES;
				CLANG_WARN_ENUM_CONVERSION = YES;
				CLANG_WARN_INT_CONVERSION = YES;
				CLANG_WARN_OBJC_ROOT_CLASS = YES_ERROR;
				CLANG_WARN_UNREACHABLE_CODE = YES;
				CLANG_WARN__DUPLICATE_METHOD_MATCH = YES;
				COPY_PHASE_STRIP = YES;
				ENABLE_NS_ASSERTIONS = NO;
				ENABLE_STRICT_OBJC_MSGSEND = YES;
				GCC_C_LANGUAGE_STANDARD = gnu99;
				GCC_WARN_64_TO_32_BIT_CONVERSION = YES;
				GCC_WARN_ABOUT_RETURN_TYPE = YES_ERROR;
				GCC_WARN_UNDECLARED_SELECTOR = YES;
				GCC_WARN_UNINITIALIZED_AUTOS = YES_AGGRESSIVE;
				GCC_WARN_UNUSED_FUNCTION = YES;
				GCC_WARN_UNUSED_VARIABLE = YES;
				IPHONEOS_DEPLOYMENT_TARGET = 8.0;
				METAL_ENABLE_DEBUG_INFO = NO;
				SDKROOT = iphoneos;
				VALIDATE_PRODUCT = YES;
			};
			name = Release;
		};
		50157B96196A646D00FB5F5B /* Debug */ = {
			isa = XCBuildConfiguration;
			buildSettings = {
				OTHER_LDFLAGS = "-ObjC";
				PRODUCT_NAME = "$(TARGET_NAME)";
				SKIP_INSTALL = YES;
			};
			name = Debug;
		};
		50157B97196A646D00FB5F5B /* Release */ = {
			isa = XCBuildConfiguration;
			buildSettings = {
				OTHER_LDFLAGS = "-ObjC";
				PRODUCT_NAME = "$(TARGET_NAME)";
				SKIP_INSTALL = YES;
			};
			name = Release;
		};
		50157B99196A646D00FB5F5B /* Debug */ = {
			isa = XCBuildConfiguration;
			buildSettings = {
				FRAMEWORK_SEARCH_PATHS = (
					"$(SDKROOT)/Developer/Library/Frameworks",
					"$(inherited)",
				);
				GCC_PREPROCESSOR_DEFINITIONS = (
					"DEBUG=1",
					"$(inherited)",
				);
				INFOPLIST_FILE = MetalPlusTests/Info.plist;
				LD_RUNPATH_SEARCH_PATHS = "$(inherited) @executable_path/Frameworks @loader_path/Frameworks";
				METAL_ENABLE_DEBUG_INFO = YES;
				PRODUCT_NAME = "$(TARGET_NAME)";
			};
			name = Debug;
		};
		50157B9A196A646D00FB5F5B /* Release */ = {
			isa = XCBuildConfiguration;
			buildSettings = {
				FRAMEWORK_SEARCH_PATHS = (
					"$(SDKROOT)/Developer/Library/Frameworks",
					"$(inherited)",
				);
				INFOPLIST_FILE = MetalPlusTests/Info.plist;
				LD_RUNPATH_SEARCH_PATHS = "$(inherited) @executable_path/Frameworks @loader_path/Frameworks";
				METAL_ENABLE_DEBUG_INFO = NO;
				PRODUCT_NAME = "$(TARGET_NAME)";
			};
			name = Release;
		};
/* End XCBuildConfiguration section */

/* Begin XCConfigurationList section */
		50157B7C196A646D00FB5F5B /* Build configuration list for PBXProject "MetalPlus" */ = {
			isa = XCConfigurationList;
			buildConfigurations = (
				50157B93196A646D00FB5F5B /* Debug */,
				50157B94196A646D00FB5F5B /* Release */,
			);
			defaultConfigurationIsVisible = 0;
			defaultConfigurationName = Release;
		};
		50157B95196A646D00FB5F5B /* Build configuration list for PBXNativeTarget "MetalPlus" */ = {
			isa = XCConfigurationList;
			buildConfigurations = (
				50157B96196A646D00FB5F5B /* Debug */,
				50157B97196A646D00FB5F5B /* Release */,
			);
			defaultConfigurationIsVisible = 0;
		};
		50157B98196A646D00FB5F5B /* Build configuration list for PBXNativeTarget "MetalPlusTests" */ = {
			isa = XCConfigurationList;
			buildConfigurations = (
				50157B99196A646D00FB5F5B /* Debug */,
				50157B9A196A646D00FB5F5B /* Release */,
			);
			defaultConfigurationIsVisible = 0;
		};
/* End XCConfigurationList section */
	};
	rootObject = 50157B79196A646D00FB5F5B /* Project object */;
}
